
Microsoft Visual Studio Solution File, Format Version 12.00
# Visual Studio Version 16
VisualStudioVersion = 16.0.30711.63
MinimumVisualStudioVersion = 15.0.26124.0
Project("{6EC3EE1D-3C4E-46DD-8F32-0CC8E7565705}") = "BCKG", "..\BCKG\BCKG.fsproj", "{3E5276D9-AEF2-452D-942E-5CC6EB51811B}"
EndProject
Project("{6EC3EE1D-3C4E-46DD-8F32-0CC8E7565705}") = "BCParsers", "..\BCParsers\BCParsers.fsproj", "{5CCB8FD5-CBB3-43BA-9D9C-1B6DA10BC843}"
EndProject
Project("{6EC3EE1D-3C4E-46DD-8F32-0CC8E7565705}") = "BCKG_REST_API_Tests", "BCKG_REST_API_Tests\BCKG_REST_API_Tests.fsproj", "{A659CF7E-1B3F-4A3F-9169-F90F2F91801A}"
EndProject
Global
	GlobalSection(SolutionConfigurationPlatforms) = preSolution
		Debug|Any CPU = Debug|Any CPU
		Debug|x64 = Debug|x64
		Debug|x86 = Debug|x86
		Release|Any CPU = Release|Any CPU
		Release|x64 = Release|x64
		Release|x86 = Release|x86
	EndGlobalSection
	GlobalSection(ProjectConfigurationPlatforms) = postSolution
		{3E5276D9-AEF2-452D-942E-5CC6EB51811B}.Debug|Any CPU.ActiveCfg = Debug|Any CPU
		{3E5276D9-AEF2-452D-942E-5CC6EB51811B}.Debug|Any CPU.Build.0 = Debug|Any CPU
		{3E5276D9-AEF2-452D-942E-5CC6EB51811B}.Debug|x64.ActiveCfg = Debug|Any CPU
		{3E5276D9-AEF2-452D-942E-5CC6EB51811B}.Debug|x64.Build.0 = Debug|Any CPU
		{3E5276D9-AEF2-452D-942E-5CC6EB51811B}.Debug|x86.ActiveCfg = Debug|Any CPU
		{3E5276D9-AEF2-452D-942E-5CC6EB51811B}.Debug|x86.Build.0 = Debug|Any CPU
		{3E5276D9-AEF2-452D-942E-5CC6EB51811B}.Release|Any CPU.ActiveCfg = Release|Any CPU
		{3E5276D9-AEF2-452D-942E-5CC6EB51811B}.Release|Any CPU.Build.0 = Release|Any CPU
		{3E5276D9-AEF2-452D-942E-5CC6EB51811B}.Release|x64.ActiveCfg = Release|Any CPU
		{3E5276D9-AEF2-452D-942E-5CC6EB51811B}.Release|x64.Build.0 = Release|Any CPU
		{3E5276D9-AEF2-452D-942E-5CC6EB51811B}.Release|x86.ActiveCfg = Release|Any CPU
		{3E5276D9-AEF2-452D-942E-5CC6EB51811B}.Release|x86.Build.0 = Release|Any CPU
		{5CCB8FD5-CBB3-43BA-9D9C-1B6DA10BC843}.Debug|Any CPU.ActiveCfg = Debug|Any CPU
		{5CCB8FD5-CBB3-43BA-9D9C-1B6DA10BC843}.Debug|Any CPU.Build.0 = Debug|Any CPU
		{5CCB8FD5-CBB3-43BA-9D9C-1B6DA10BC843}.Debug|x64.ActiveCfg = Debug|Any CPU
		{5CCB8FD5-CBB3-43BA-9D9C-1B6DA10BC843}.Debug|x64.Build.0 = Debug|Any CPU
		{5CCB8FD5-CBB3-43BA-9D9C-1B6DA10BC843}.Debug|x86.ActiveCfg = Debug|Any CPU
		{5CCB8FD5-CBB3-43BA-9D9C-1B6DA10BC843}.Debug|x86.Build.0 = Debug|Any CPU
		{5CCB8FD5-CBB3-43BA-9D9C-1B6DA10BC843}.Release|Any CPU.ActiveCfg = Release|Any CPU
		{5CCB8FD5-CBB3-43BA-9D9C-1B6DA10BC843}.Release|Any CPU.Build.0 = Release|Any CPU
		{5CCB8FD5-CBB3-43BA-9D9C-1B6DA10BC843}.Release|x64.ActiveCfg = Release|Any CPU
		{5CCB8FD5-CBB3-43BA-9D9C-1B6DA10BC843}.Release|x64.Build.0 = Release|Any CPU
		{5CCB8FD5-CBB3-43BA-9D9C-1B6DA10BC843}.Release|x86.ActiveCfg = Release|Any CPU
		{5CCB8FD5-CBB3-43BA-9D9C-1B6DA10BC843}.Release|x86.Build.0 = Release|Any CPU
		{A659CF7E-1B3F-4A3F-9169-F90F2F91801A}.Debug|Any CPU.ActiveCfg = Debug|Any CPU
		{A659CF7E-1B3F-4A3F-9169-F90F2F91801A}.Debug|Any CPU.Build.0 = Debug|Any CPU
		{A659CF7E-1B3F-4A3F-9169-F90F2F91801A}.Debug|x64.ActiveCfg = Debug|Any CPU
		{A659CF7E-1B3F-4A3F-9169-F90F2F91801A}.Debug|x64.Build.0 = Debug|Any CPU
		{A659CF7E-1B3F-4A3F-9169-F90F2F91801A}.Debug|x86.ActiveCfg = Debug|Any CPU
		{A659CF7E-1B3F-4A3F-9169-F90F2F91801A}.Debug|x86.Build.0 = Debug|Any CPU
		{A659CF7E-1B3F-4A3F-9169-F90F2F91801A}.Release|Any CPU.ActiveCfg = Release|Any CPU
		{A659CF7E-1B3F-4A3F-9169-F90F2F91801A}.Release|Any CPU.Build.0 = Release|Any CPU
		{A659CF7E-1B3F-4A3F-9169-F90F2F91801A}.Release|x64.ActiveCfg = Release|Any CPU
		{A659CF7E-1B3F-4A3F-9169-F90F2F91801A}.Release|x64.Build.0 = Release|Any CPU
		{A659CF7E-1B3F-4A3F-9169-F90F2F91801A}.Release|x86.ActiveCfg = Release|Any CPU
		{A659CF7E-1B3F-4A3F-9169-F90F2F91801A}.Release|x86.Build.0 = Release|Any CPU
	EndGlobalSection
	GlobalSection(SolutionProperties) = preSolution
		HideSolutionNode = FALSE
	EndGlobalSection
	GlobalSection(ExtensibilityGlobals) = postSolution
		SolutionGuid = {5CF4C9D4-A1A8-49EA-8D8D-F373C9931A7E}
	EndGlobalSection
EndGlobal
